{
  "name": "mantis-promo",
  "version": "1.0.0",
  "lockfileVersion": 3,
  "requires": true,
  "packages": {
    "": {
      "name": "mantis-promo",
      "version": "1.0.0",
      "dependencies": {
        "@fontsource/barlow-condensed": "^5.3.0",
        "@fontsource/exo-2": "^5.3.0",
        "@fontsource/noto-sans-sc": "^5.3.0",
        "@fontsource/noto-serif-sc": "^5.3.0",
        "playwright": "^1.63.0",
        "three": "^0.186.1"
      }
    },
    "node_modules/@fontsource/barlow-condensed": {
      "version": "5.3.0",
      "resolved": "https://registry.npmjs.org/@fontsource/barlow-condensed/-/barlow-condensed-5.3.0.tgz",
      "integrity": "sha512-RA7MmIx0v3eQ6Gcf74qLVLOwLB0GpPOzx+eU9iG/AmCnSJGcIWYeU8y6CEMGZ210MGwGg5CZhzLkkvyZdTTk1g==",
      "license": "OFL-1.1",
      "funding": {
        "url": "https://github.com/sponsors/ayuhito"
      }
    },
    "node_modules/@fontsource/exo-2": {
      "version": "5.3.0",
      "resolved": "https://registry.npmjs.org/@fontsource/exo-2/-/exo-2-5.3.0.tgz",
      "integrity": "sha512-jVI6qXPPuV1Fne7m2Hpyc9rTt4O7ZIo+wsUZZzAW+u/iHem4CyWXXCGUoSw3utZUW82/bsGVQO9yO+hDsjZH8A==",
      "license": "OFL-1.1",
      "funding": {
        "url": "https://github.com/sponsors/ayuhito"
      }
    },
    "node_modules/@fontsource/noto-sans-sc": {
      "version": "5.3.0",
      "resolved": "https://registry.npmjs.org/@fontsource/noto-sans-sc/-/noto-sans-sc-5.3.0.tgz",
      "integrity": "sha512-HeqIlGm0+ohOKxZLuHj1qW6r6avHH0OWdKERAcSDI0RQ+MXrteuLKA+M+5eOA8rYy0MFvOR5AT0fQo2rUkye0Q==",
      "license": "OFL-1.1",
      "funding": {
        "url": "https://github.com/sponsors/ayuhito"
      }
    },
    "node_modules/@fontsource/noto-serif-sc": {
      "version": "5.3.0",
      "resolved": "https://registry.npmjs.org/@fontsource/noto-serif-sc/-/noto-serif-sc-5.3.0.tgz",
      "integrity": "sha512-0/zaEFkidiWldE62rTeD74x8ygUsQvejiSNtO0LQxQk3qpaHnlMZ3w4C7yH80B4KTIg8VKeFP4oSgwWMchY9+g==",
      "license": "OFL-1.1",
      "funding": {
        "url": "https://github.com/sponsors/ayuhito"
      }
    },
    "node_modules/playwright": {
      "version": "1.63.0",
      "resolved": "https://registry.npmjs.org/playwright/-/playwright-1.63.0.tgz",
      "integrity": "sha512-+7ziBLidS4NaNCdt57SUDT+wYmmd5fmiQejUic/kb+YsYSCPyOOE9sebzMjNmQrsnNpDJqd4WHvV/8lfKfUDUg==",
      "license": "Apache-2.0",
      "dependencies": {
        "playwright-core": "1.63.0"
      },
      "bin": {
        "playwright": "cli.js"
      },
      "engines": {
        "node": ">=20"
      }
    },
    "node_modules/playwright-core": {
      "version": "1.63.0",
      "resolved": "https://registry.npmjs.org/playwright-core/-/playwright-core-1.63.0.tgz",
      "integrity": "sha512-rYCsBF/M5HjUch52bbtVONEFjv6Xu8sm8h72dNlR5bzIE1fvC/bxgspzkjSfU+MweEMmPM8KJebG6nnyxo5mCg==",
      "license": "Apache-2.0",
      "bin": {
        "playwright-core": "cli.js"
      },
      "engines": {
        "node": ">=20"
      }
    },
    "node_modules/three": {
      "version": "0.186.1",
      "resolved": "https://registry.npmjs.org/three/-/three-0.186.1.tgz",
      "integrity": "sha512-blFeqb49wRCSGUGj7gtpfnSGHy2lwDk94RhUmS1c/hTby70kvChbWpkJ4Pm1390LqzzvTmzgXKHPEafJwCb8jA==",
      "license": "MIT"
    }
  }
}
